# THIS IS AN AUTOGENERATED FILE. DO NOT EDIT THIS FILE DIRECTLY.
# yarn lockfile v1


almond@^0.3.3:
  version "0.3.3"
  resolved "https://registry.yarnpkg.com/almond/-/almond-0.3.3.tgz#a0e7c95ac7624d6417b4494b1e68bff693168a20"

jquery@^3.3.1:
  version "3.3.1"
  resolved "https://registry.yarnpkg.com/jquery/-/jquery-3.3.1.tgz#958ce29e81c9790f31be7792df5d4d95fc57fbca"

ractive@^0.9.13:
  version "0.9.13"
  resolved "https://registry.yarnpkg.com/ractive/-/ractive-0.9.13.tgz#b9710c1be09b18ac2eaa69b9e70f92f10043f874"

requirejs-text@^2.0.15:
  version "2.0.15"
  resolved "https://registry.yarnpkg.com/requirejs-text/-/requirejs-text-2.0.15.tgz#13138733613fc4457b7e1247e8cb751df7aa5429"

rv@^0.1.8:
  version "0.1.8"
  resolved "https://registry.yarnpkg.com/rv/-/rv-0.1.8.tgz#1d5f0203a0d3a59158bd2de8bd8a59efc9cb7541"
